
Microsoft Visual Studio Solution File, Format Version 12.00
# Visual Studio Version 16
VisualStudioVersion = 16.0.30011.22
MinimumVisualStudioVersion = 10.0.40219.1
Project("{8BC9CEB8-8B4A-11D0-8D11-00A0C91BC942}") = "MyRacingGame", "MyRacingGame.vcxproj", "{5002A4E3-E4B3-4A28-AF23-38F73CB0E589}"
EndProject
Global
	GlobalSection(SolutionConfigurationPlatforms) = preSolution
		Debug|x64 = Debug|x64
		Debug|x86 = Debug|x86
		Release|x64 = Release|x64
		Release|x86 = Release|x86
	EndGlobalSection
	GlobalSection(ProjectConfigurationPlatforms) = postSolution
		{5002A4E3-E4B3-4A28-AF23-38F73CB0E589}.Debug|x64.ActiveCfg = Debug|x64
		{5002A4E3-E4B3-4A28-AF23-38F73CB0E589}.Debug|x64.Build.0 = Debug|x64
		{5002A4E3-E4B3-4A28-AF23-38F73CB0E589}.Debug|x86.ActiveCfg = Debug|Win32
		{5002A4E3-E4B3-4A28-AF23-38F73CB0E589}.Debug|x86.Build.0 = Debug|Win32
		{5002A4E3-E4B3-4A28-AF23-38F73CB0E589}.Release|x64.ActiveCfg = Release|x64
		{5002A4E3-E4B3-4A28-AF23-38F73CB0E589}.Release|x64.Build.0 = Release|x64
		{5002A4E3-E4B3-4A28-AF23-38F73CB0E589}.Release|x86.ActiveCfg = Release|Win32
		{5002A4E3-E4B3-4A28-AF23-38F73CB0E589}.Release|x86.Build.0 = Release|Win32
	EndGlobalSection
	GlobalSection(SolutionProperties) = preSolution
		HideSolutionNode = FALSE
	EndGlobalSection
	GlobalSection(ExtensibilityGlobals) = postSolution
		SolutionGuid = {611D67F2-F73A-4578-991C-9903A7C58BBD}
	EndGlobalSection
EndGlobal
